
Microsoft Visual Studio Solution File, Format Version 12.00
# Visual Studio 15
VisualStudioVersion = 15.0.28307.645
MinimumVisualStudioVersion = 10.0.40219.1
Project("{FAE04EC0-301F-11D3-BF4B-00C04F79EFBC}") = "TimeManagement.Test", "TimeManagement.Test\TimeManagement.Test.csproj", "{7401F90C-FE4D-465E-A137-87D8775CF38A}"
EndProject
Project("{FAE04EC0-301F-11D3-BF4B-00C04F79EFBC}") = "TimeManagement.Booking", "TimeManagement.Booking\TimeManagement.Booking.csproj", "{EA4F0DAB-7B71-4507-950E-B55F509F6D45}"
EndProject
Global
	GlobalSection(SolutionConfigurationPlatforms) = preSolution
		Debug|Any CPU = Debug|Any CPU
		Release|Any CPU = Release|Any CPU
	EndGlobalSection
	GlobalSection(ProjectConfigurationPlatforms) = postSolution
		{7401F90C-FE4D-465E-A137-87D8775CF38A}.Debug|Any CPU.ActiveCfg = Debug|Any CPU
		{7401F90C-FE4D-465E-A137-87D8775CF38A}.Debug|Any CPU.Build.0 = Debug|Any CPU
		{7401F90C-FE4D-465E-A137-87D8775CF38A}.Release|Any CPU.ActiveCfg = Release|Any CPU
		{7401F90C-FE4D-465E-A137-87D8775CF38A}.Release|Any CPU.Build.0 = Release|Any CPU
		{EA4F0DAB-7B71-4507-950E-B55F509F6D45}.Debug|Any CPU.ActiveCfg = Debug|Any CPU
		{EA4F0DAB-7B71-4507-950E-B55F509F6D45}.Debug|Any CPU.Build.0 = Debug|Any CPU
		{EA4F0DAB-7B71-4507-950E-B55F509F6D45}.Release|Any CPU.ActiveCfg = Release|Any CPU
		{EA4F0DAB-7B71-4507-950E-B55F509F6D45}.Release|Any CPU.Build.0 = Release|Any CPU
	EndGlobalSection
	GlobalSection(SolutionProperties) = preSolution
		HideSolutionNode = FALSE
	EndGlobalSection
	GlobalSection(ExtensibilityGlobals) = postSolution
		SolutionGuid = {B9DB51EC-8864-4B08-8902-6913D94CB139}
	EndGlobalSection
EndGlobal
